
Microsoft Visual Studio Solution File, Format Version 12.00
# Visual Studio Version 17
VisualStudioVersion = 17.7.34031.279
MinimumVisualStudioVersion = 10.0.40219.1
Project("{888888A0-9F3D-457C-B088-3A5042F75D52}") = "Course_Project_4", "Course_Project_4.pyproj", "{9463F1F2-BE70-4BE1-AD0D-8889472BFBD1}"
EndProject
Global
	GlobalSection(SolutionConfigurationPlatforms) = preSolution
		Debug|Any CPU = Debug|Any CPU
		Release|Any CPU = Release|Any CPU
	EndGlobalSection
	GlobalSection(ProjectConfigurationPlatforms) = postSolution
		{9463F1F2-BE70-4BE1-AD0D-8889472BFBD1}.Debug|Any CPU.ActiveCfg = Debug|Any CPU
		{9463F1F2-BE70-4BE1-AD0D-8889472BFBD1}.Release|Any CPU.ActiveCfg = Release|Any CPU
	EndGlobalSection
	GlobalSection(SolutionProperties) = preSolution
		HideSolutionNode = FALSE
	EndGlobalSection
	GlobalSection(ExtensibilityGlobals) = postSolution
		SolutionGuid = {E98D5604-1AC2-4020-AB15-6C9413B45B16}
	EndGlobalSection
EndGlobal
